
Microsoft Visual Studio Solution File, Format Version 12.00
# Visual Studio Version 17
VisualStudioVersion = 17.14.36429.23 d17.14
MinimumVisualStudioVersion = 10.0.40219.1
Project("{FAE04EC0-301F-11D3-BF4B-00C04F79EFBC}") = "19.25", "19.25\19.25.csproj", "{DA706AD8-FEE1-4893-9DC3-29B5FF87BEE1}"
EndProject
Global
	GlobalSection(SolutionConfigurationPlatforms) = preSolution
		Debug|Any CPU = Debug|Any CPU
		Release|Any CPU = Release|Any CPU
	EndGlobalSection
	GlobalSection(ProjectConfigurationPlatforms) = postSolution
		{DA706AD8-FEE1-4893-9DC3-29B5FF87BEE1}.Debug|Any CPU.ActiveCfg = Debug|Any CPU
		{DA706AD8-FEE1-4893-9DC3-29B5FF87BEE1}.Debug|Any CPU.Build.0 = Debug|Any CPU
		{DA706AD8-FEE1-4893-9DC3-29B5FF87BEE1}.Release|Any CPU.ActiveCfg = Release|Any CPU
		{DA706AD8-FEE1-4893-9DC3-29B5FF87BEE1}.Release|Any CPU.Build.0 = Release|Any CPU
	EndGlobalSection
	GlobalSection(SolutionProperties) = preSolution
		HideSolutionNode = FALSE
	EndGlobalSection
	GlobalSection(ExtensibilityGlobals) = postSolution
		SolutionGuid = {6E7C6D5D-6C90-48A4-A887-221BF95FB46E}
	EndGlobalSection
EndGlobal
